
Microsoft Visual Studio Solution File, Format Version 12.00
# Visual Studio Version 16
VisualStudioVersion = 16.0.31025.194
MinimumVisualStudioVersion = 10.0.40219.1
Project("{FAE04EC0-301F-11D3-BF4B-00C04F79EFBC}") = "Scheduler", "Scheduler.csproj", "{AA24DB5F-FFA4-41A3-92F0-B9D9D6D8E268}"
EndProject
Global
	GlobalSection(SolutionConfigurationPlatforms) = preSolution
		Debug|Any CPU = Debug|Any CPU
		Release|Any CPU = Release|Any CPU
	EndGlobalSection
	GlobalSection(ProjectConfigurationPlatforms) = postSolution
		{AA24DB5F-FFA4-41A3-92F0-B9D9D6D8E268}.Debug|Any CPU.ActiveCfg = Debug|Any CPU
		{AA24DB5F-FFA4-41A3-92F0-B9D9D6D8E268}.Debug|Any CPU.Build.0 = Debug|Any CPU
		{AA24DB5F-FFA4-41A3-92F0-B9D9D6D8E268}.Release|Any CPU.ActiveCfg = Release|Any CPU
		{AA24DB5F-FFA4-41A3-92F0-B9D9D6D8E268}.Release|Any CPU.Build.0 = Release|Any CPU
	EndGlobalSection
	GlobalSection(SolutionProperties) = preSolution
		HideSolutionNode = FALSE
	EndGlobalSection
	GlobalSection(ExtensibilityGlobals) = postSolution
		SolutionGuid = {2F90952B-15A5-4E19-8F65-5B34C711CD19}
	EndGlobalSection
EndGlobal
